
Microsoft Visual Studio Solution File, Format Version 12.00
# Visual Studio Version 16
VisualStudioVersion = 16.0.30406.217
MinimumVisualStudioVersion = 10.0.40219.1
Project("{FAE04EC0-301F-11D3-BF4B-00C04F79EFBC}") = "Evasor", "Evasor.csproj", "{16D24161-6AD3-4328-B655-6B1233EE68CA}"
EndProject
Global
	GlobalSection(SolutionConfigurationPlatforms) = preSolution
		Debug|Any CPU = Debug|Any CPU
		Release|Any CPU = Release|Any CPU
	EndGlobalSection
	GlobalSection(ProjectConfigurationPlatforms) = postSolution
		{16D24161-6AD3-4328-B655-6B1233EE68CA}.Debug|Any CPU.ActiveCfg = Debug|Any CPU
		{16D24161-6AD3-4328-B655-6B1233EE68CA}.Debug|Any CPU.Build.0 = Debug|Any CPU
		{16D24161-6AD3-4328-B655-6B1233EE68CA}.Release|Any CPU.ActiveCfg = Release|Any CPU
		{16D24161-6AD3-4328-B655-6B1233EE68CA}.Release|Any CPU.Build.0 = Release|Any CPU
	EndGlobalSection
	GlobalSection(SolutionProperties) = preSolution
		HideSolutionNode = FALSE
	EndGlobalSection
	GlobalSection(ExtensibilityGlobals) = postSolution
		SolutionGuid = {3C1222BC-0220-4BC4-B00D-6404015E0CF3}
	EndGlobalSection
EndGlobal
